
Microsoft Visual Studio Solution File, Format Version 12.00
# Visual Studio Version 17
VisualStudioVersion = 17.5.33414.496
MinimumVisualStudioVersion = 10.0.40219.1
Project("{FAE04EC0-301F-11D3-BF4B-00C04F79EFBC}") = "TatBlog.core", "TatBlog.core\TatBlog.core.csproj", "{0F2AC8CA-0043-44FF-A57C-2484D3DEEDD5}"
EndProject
Project("{FAE04EC0-301F-11D3-BF4B-00C04F79EFBC}") = "TatBlog.data", "TatBlog.data\TatBlog.data.csproj", "{5E1BBED1-687B-42E1-B9C4-28D2572A3114}"
EndProject
Project("{FAE04EC0-301F-11D3-BF4B-00C04F79EFBC}") = "TatBlog.services", "TatBlog.services\TatBlog.services.csproj", "{04C57A9D-0EB3-4A37-9AEB-CFB982FBD34B}"
EndProject
Project("{FAE04EC0-301F-11D3-BF4B-00C04F79EFBC}") = "TatBlog.winapp", "TatBlog.winapp\TatBlog.winapp.csproj", "{3CC85262-8521-4F2C-851C-E0A59F0E6935}"
EndProject
Global
	GlobalSection(SolutionConfigurationPlatforms) = preSolution
		Debug|Any CPU = Debug|Any CPU
		Release|Any CPU = Release|Any CPU
	EndGlobalSection
	GlobalSection(ProjectConfigurationPlatforms) = postSolution
		{0F2AC8CA-0043-44FF-A57C-2484D3DEEDD5}.Debug|Any CPU.ActiveCfg = Debug|Any CPU
		{0F2AC8CA-0043-44FF-A57C-2484D3DEEDD5}.Debug|Any CPU.Build.0 = Debug|Any CPU
		{0F2AC8CA-0043-44FF-A57C-2484D3DEEDD5}.Release|Any CPU.ActiveCfg = Release|Any CPU
		{0F2AC8CA-0043-44FF-A57C-2484D3DEEDD5}.Release|Any CPU.Build.0 = Release|Any CPU
		{5E1BBED1-687B-42E1-B9C4-28D2572A3114}.Debug|Any CPU.ActiveCfg = Debug|Any CPU
		{5E1BBED1-687B-42E1-B9C4-28D2572A3114}.Debug|Any CPU.Build.0 = Debug|Any CPU
		{5E1BBED1-687B-42E1-B9C4-28D2572A3114}.Release|Any CPU.ActiveCfg = Release|Any CPU
		{5E1BBED1-687B-42E1-B9C4-28D2572A3114}.Release|Any CPU.Build.0 = Release|Any CPU
		{04C57A9D-0EB3-4A37-9AEB-CFB982FBD34B}.Debug|Any CPU.ActiveCfg = Debug|Any CPU
		{04C57A9D-0EB3-4A37-9AEB-CFB982FBD34B}.Debug|Any CPU.Build.0 = Debug|Any CPU
		{04C57A9D-0EB3-4A37-9AEB-CFB982FBD34B}.Release|Any CPU.ActiveCfg = Release|Any CPU
		{04C57A9D-0EB3-4A37-9AEB-CFB982FBD34B}.Release|Any CPU.Build.0 = Release|Any CPU
		{3CC85262-8521-4F2C-851C-E0A59F0E6935}.Debug|Any CPU.ActiveCfg = Debug|Any CPU
		{3CC85262-8521-4F2C-851C-E0A59F0E6935}.Debug|Any CPU.Build.0 = Debug|Any CPU
		{3CC85262-8521-4F2C-851C-E0A59F0E6935}.Release|Any CPU.ActiveCfg = Release|Any CPU
		{3CC85262-8521-4F2C-851C-E0A59F0E6935}.Release|Any CPU.Build.0 = Release|Any CPU
	EndGlobalSection
	GlobalSection(SolutionProperties) = preSolution
		HideSolutionNode = FALSE
	EndGlobalSection
	GlobalSection(ExtensibilityGlobals) = postSolution
		SolutionGuid = {D088138A-F577-4B45-B62F-12196529BFA6}
	EndGlobalSection
EndGlobal
